{
  "name": "@etcpack/quickpaper-style-loader",
  "version": "0.1.0",
  "lockfileVersion": 1,
  "requires": true,
  "dependencies": {
    "@etcpack/style-loader": {
      "version": "0.1.0",
      "resolved": "https://registry.npmjs.org/@etcpack/style-loader/-/style-loader-0.1.0.tgz",
      "integrity": "sha512-yUfVXOSY5nFXgdJcgDmGvD4ba0Mg4pxp26a6EWQN9Xx/0eHV0ra2zE4sNI60SRNZ8kF6tcsV7nA562eJw02kLA=="
    }
  }
}
